
Microsoft Visual Studio Solution File, Format Version 12.00
# Visual Studio Version 17
VisualStudioVersion = 17.0.32014.148
MinimumVisualStudioVersion = 10.0.40219.1
Project("{FAE04EC0-301F-11D3-BF4B-00C04F79EFBC}") = "SuperHero.Server", "SuperHero\Server\SuperHero.Server.csproj", "{2600D2D5-3CF0-4E1D-9117-FA41C368ED41}"
EndProject
Project("{FAE04EC0-301F-11D3-BF4B-00C04F79EFBC}") = "SuperHero.Client", "SuperHero\Client\SuperHero.Client.csproj", "{4FF512F0-6937-4070-B0F4-167586A843C0}"
EndProject
Project("{FAE04EC0-301F-11D3-BF4B-00C04F79EFBC}") = "SuperHero.Shared", "SuperHero\Shared\SuperHero.Shared.csproj", "{C4A1BB38-6562-4940-B88E-16DB08599946}"
EndProject
Global
	GlobalSection(SolutionConfigurationPlatforms) = preSolution
		Debug|Any CPU = Debug|Any CPU
		Release|Any CPU = Release|Any CPU
	EndGlobalSection
	GlobalSection(ProjectConfigurationPlatforms) = postSolution
		{2600D2D5-3CF0-4E1D-9117-FA41C368ED41}.Debug|Any CPU.ActiveCfg = Debug|Any CPU
		{2600D2D5-3CF0-4E1D-9117-FA41C368ED41}.Debug|Any CPU.Build.0 = Debug|Any CPU
		{2600D2D5-3CF0-4E1D-9117-FA41C368ED41}.Release|Any CPU.ActiveCfg = Release|Any CPU
		{2600D2D5-3CF0-4E1D-9117-FA41C368ED41}.Release|Any CPU.Build.0 = Release|Any CPU
		{4FF512F0-6937-4070-B0F4-167586A843C0}.Debug|Any CPU.ActiveCfg = Debug|Any CPU
		{4FF512F0-6937-4070-B0F4-167586A843C0}.Debug|Any CPU.Build.0 = Debug|Any CPU
		{4FF512F0-6937-4070-B0F4-167586A843C0}.Release|Any CPU.ActiveCfg = Release|Any CPU
		{4FF512F0-6937-4070-B0F4-167586A843C0}.Release|Any CPU.Build.0 = Release|Any CPU
		{C4A1BB38-6562-4940-B88E-16DB08599946}.Debug|Any CPU.ActiveCfg = Debug|Any CPU
		{C4A1BB38-6562-4940-B88E-16DB08599946}.Debug|Any CPU.Build.0 = Debug|Any CPU
		{C4A1BB38-6562-4940-B88E-16DB08599946}.Release|Any CPU.ActiveCfg = Release|Any CPU
		{C4A1BB38-6562-4940-B88E-16DB08599946}.Release|Any CPU.Build.0 = Release|Any CPU
	EndGlobalSection
	GlobalSection(SolutionProperties) = preSolution
		HideSolutionNode = FALSE
	EndGlobalSection
	GlobalSection(ExtensibilityGlobals) = postSolution
		SolutionGuid = {DACA6032-5EE4-48A8-B122-24CF766AD16E}
	EndGlobalSection
EndGlobal
