
Microsoft Visual Studio Solution File, Format Version 12.00
# Visual Studio Version 17
VisualStudioVersion = 17.0.32014.148
MinimumVisualStudioVersion = 10.0.40219.1
Project("{FAE04EC0-301F-11D3-BF4B-00C04F79EFBC}") = "SuperHeroDB.Server", "SuperHeroDB\Server\SuperHeroDB.Server.csproj", "{72D56CAF-462B-4459-9F90-ED3DCAA23B5B}"
EndProject
Project("{FAE04EC0-301F-11D3-BF4B-00C04F79EFBC}") = "SuperHeroDB.Client", "SuperHeroDB\Client\SuperHeroDB.Client.csproj", "{445D554C-67F3-41A3-A7CA-6063996CBA1B}"
EndProject
Project("{FAE04EC0-301F-11D3-BF4B-00C04F79EFBC}") = "SuperHeroDB.Shared", "SuperHeroDB\Shared\SuperHeroDB.Shared.csproj", "{55533B2A-9026-436E-B653-DFCA1F787324}"
EndProject
Global
	GlobalSection(SolutionConfigurationPlatforms) = preSolution
		Debug|Any CPU = Debug|Any CPU
		Release|Any CPU = Release|Any CPU
	EndGlobalSection
	GlobalSection(ProjectConfigurationPlatforms) = postSolution
		{72D56CAF-462B-4459-9F90-ED3DCAA23B5B}.Debug|Any CPU.ActiveCfg = Debug|Any CPU
		{72D56CAF-462B-4459-9F90-ED3DCAA23B5B}.Debug|Any CPU.Build.0 = Debug|Any CPU
		{72D56CAF-462B-4459-9F90-ED3DCAA23B5B}.Release|Any CPU.ActiveCfg = Release|Any CPU
		{72D56CAF-462B-4459-9F90-ED3DCAA23B5B}.Release|Any CPU.Build.0 = Release|Any CPU
		{445D554C-67F3-41A3-A7CA-6063996CBA1B}.Debug|Any CPU.ActiveCfg = Debug|Any CPU
		{445D554C-67F3-41A3-A7CA-6063996CBA1B}.Debug|Any CPU.Build.0 = Debug|Any CPU
		{445D554C-67F3-41A3-A7CA-6063996CBA1B}.Release|Any CPU.ActiveCfg = Release|Any CPU
		{445D554C-67F3-41A3-A7CA-6063996CBA1B}.Release|Any CPU.Build.0 = Release|Any CPU
		{55533B2A-9026-436E-B653-DFCA1F787324}.Debug|Any CPU.ActiveCfg = Debug|Any CPU
		{55533B2A-9026-436E-B653-DFCA1F787324}.Debug|Any CPU.Build.0 = Debug|Any CPU
		{55533B2A-9026-436E-B653-DFCA1F787324}.Release|Any CPU.ActiveCfg = Release|Any CPU
		{55533B2A-9026-436E-B653-DFCA1F787324}.Release|Any CPU.Build.0 = Release|Any CPU
	EndGlobalSection
	GlobalSection(SolutionProperties) = preSolution
		HideSolutionNode = FALSE
	EndGlobalSection
	GlobalSection(ExtensibilityGlobals) = postSolution
		SolutionGuid = {84DEDFB9-999D-4CF3-BE74-4A9C41287E6E}
	EndGlobalSection
EndGlobal
